
Microsoft Visual Studio Solution File, Format Version 12.00
# Visual Studio Version 17
VisualStudioVersion = 17.5.002.0
MinimumVisualStudioVersion = 10.0.40219.1
Project("{9A19103F-16F7-4668-BE54-9A1E7A4F7556}") = "AppFinancia", "finmanager\AppFinancia.csproj", "{9F200061-FB17-4AEA-ADE7-6E1E65486DA7}"
EndProject
Global
	GlobalSection(SolutionConfigurationPlatforms) = preSolution
		Debug|Any CPU = Debug|Any CPU
		Release|Any CPU = Release|Any CPU
	EndGlobalSection
	GlobalSection(ProjectConfigurationPlatforms) = postSolution
		{9F200061-FB17-4AEA-ADE7-6E1E65486DA7}.Debug|Any CPU.ActiveCfg = Debug|Any CPU
		{9F200061-FB17-4AEA-ADE7-6E1E65486DA7}.Debug|Any CPU.Build.0 = Debug|Any CPU
		{9F200061-FB17-4AEA-ADE7-6E1E65486DA7}.Release|Any CPU.ActiveCfg = Release|Any CPU
		{9F200061-FB17-4AEA-ADE7-6E1E65486DA7}.Release|Any CPU.Build.0 = Release|Any CPU
	EndGlobalSection
	GlobalSection(SolutionProperties) = preSolution
		HideSolutionNode = FALSE
	EndGlobalSection
	GlobalSection(ExtensibilityGlobals) = postSolution
		SolutionGuid = {75B6E47D-71BF-44B1-8604-A8D5D1321804}
	EndGlobalSection
EndGlobal
